
Microsoft Visual Studio Solution File, Format Version 12.00
# Visual Studio Version 16
VisualStudioVersion = 16.0.30804.86
MinimumVisualStudioVersion = 10.0.40219.1
Project("{FAE04EC0-301F-11D3-BF4B-00C04F79EFBC}") = "DevFreela.API", "DevFreela.API\DevFreela.API.csproj", "{A813DC8F-BF1C-43AD-8455-F5CD0DBE5010}"
EndProject
Global
	GlobalSection(SolutionConfigurationPlatforms) = preSolution
		Debug|Any CPU = Debug|Any CPU
		Release|Any CPU = Release|Any CPU
	EndGlobalSection
	GlobalSection(ProjectConfigurationPlatforms) = postSolution
		{A813DC8F-BF1C-43AD-8455-F5CD0DBE5010}.Debug|Any CPU.ActiveCfg = Debug|Any CPU
		{A813DC8F-BF1C-43AD-8455-F5CD0DBE5010}.Debug|Any CPU.Build.0 = Debug|Any CPU
		{A813DC8F-BF1C-43AD-8455-F5CD0DBE5010}.Release|Any CPU.ActiveCfg = Release|Any CPU
		{A813DC8F-BF1C-43AD-8455-F5CD0DBE5010}.Release|Any CPU.Build.0 = Release|Any CPU
	EndGlobalSection
	GlobalSection(SolutionProperties) = preSolution
		HideSolutionNode = FALSE
	EndGlobalSection
	GlobalSection(ExtensibilityGlobals) = postSolution
		SolutionGuid = {43E07124-591B-42E4-A9F8-334EE050B63F}
	EndGlobalSection
EndGlobal
