
Microsoft Visual Studio Solution File, Format Version 12.00
# Visual Studio Version 16
VisualStudioVersion = 16.0.30804.86
MinimumVisualStudioVersion = 10.0.40219.1
Project("{9A19103F-16F7-4668-BE54-9A1E7A4F7556}") = "DevFreela.API", "DevFreela.API\DevFreela.API.csproj", "{A813DC8F-BF1C-43AD-8455-F5CD0DBE5010}"
EndProject
Project("{FAE04EC0-301F-11D3-BF4B-00C04F79EFBC}") = "DevFreela.Core", "DevFreela.Core\DevFreela.Core.csproj", "{0823C377-3BA8-4F5C-99F9-BEDFA6039FED}"
EndProject
Project("{FAE04EC0-301F-11D3-BF4B-00C04F79EFBC}") = "DevFreela.Infrastructure", "DevFreela.Infrastructure\DevFreela.Infrastructure.csproj", "{0908D7E2-3AC6-4668-9FCF-8BD5B35CAF0A}"
EndProject
Global
	GlobalSection(SolutionConfigurationPlatforms) = preSolution
		Debug|Any CPU = Debug|Any CPU
		Release|Any CPU = Release|Any CPU
	EndGlobalSection
	GlobalSection(ProjectConfigurationPlatforms) = postSolution
		{A813DC8F-BF1C-43AD-8455-F5CD0DBE5010}.Debug|Any CPU.ActiveCfg = Debug|Any CPU
		{A813DC8F-BF1C-43AD-8455-F5CD0DBE5010}.Debug|Any CPU.Build.0 = Debug|Any CPU
		{A813DC8F-BF1C-43AD-8455-F5CD0DBE5010}.Release|Any CPU.ActiveCfg = Release|Any CPU
		{A813DC8F-BF1C-43AD-8455-F5CD0DBE5010}.Release|Any CPU.Build.0 = Release|Any CPU
		{0823C377-3BA8-4F5C-99F9-BEDFA6039FED}.Debug|Any CPU.ActiveCfg = Debug|Any CPU
		{0823C377-3BA8-4F5C-99F9-BEDFA6039FED}.Debug|Any CPU.Build.0 = Debug|Any CPU
		{0823C377-3BA8-4F5C-99F9-BEDFA6039FED}.Release|Any CPU.ActiveCfg = Release|Any CPU
		{0823C377-3BA8-4F5C-99F9-BEDFA6039FED}.Release|Any CPU.Build.0 = Release|Any CPU
		{0908D7E2-3AC6-4668-9FCF-8BD5B35CAF0A}.Debug|Any CPU.ActiveCfg = Debug|Any CPU
		{0908D7E2-3AC6-4668-9FCF-8BD5B35CAF0A}.Debug|Any CPU.Build.0 = Debug|Any CPU
		{0908D7E2-3AC6-4668-9FCF-8BD5B35CAF0A}.Release|Any CPU.ActiveCfg = Release|Any CPU
		{0908D7E2-3AC6-4668-9FCF-8BD5B35CAF0A}.Release|Any CPU.Build.0 = Release|Any CPU
	EndGlobalSection
	GlobalSection(SolutionProperties) = preSolution
		HideSolutionNode = FALSE
	EndGlobalSection
	GlobalSection(ExtensibilityGlobals) = postSolution
		SolutionGuid = {43E07124-591B-42E4-A9F8-334EE050B63F}
	EndGlobalSection
EndGlobal
